
Microsoft Visual Studio Solution File, Format Version 12.00
# Visual Studio Version 17
VisualStudioVersion = 17.14.36705.20
MinimumVisualStudioVersion = 10.0.40219.1
Project("{FAE04EC0-301F-11D3-BF4B-00C04F79EFBC}") = "Abstracciones", "Abstracciones\Abstracciones.csproj", "{69D0C9B1-0009-4ECF-92C6-E02D9063ABE7}"
EndProject
Project("{FAE04EC0-301F-11D3-BF4B-00C04F79EFBC}") = "DA", "DA\DA.csproj", "{F886C8FB-392A-4483-8620-754362C72604}"
EndProject
Project("{FAE04EC0-301F-11D3-BF4B-00C04F79EFBC}") = "API", "API\API.csproj", "{7DB5E91E-BD6D-4641-8804-D094BB90ED73}"
EndProject
Project("{FAE04EC0-301F-11D3-BF4B-00C04F79EFBC}") = "Flujo", "Flujo\Flujo.csproj", "{015B4B36-8E65-4F49-8F70-7CCF3E906323}"
EndProject
Project("{00D1A9C2-B5F0-4AF3-8072-F6C62B433612}") = "BD", "BD\BD.sqlproj", "{4FADB1EE-97D0-463D-B146-9EBF36EAC3DE}"
EndProject
Project("{FAE04EC0-301F-11D3-BF4B-00C04F79EFBC}") = "Servicios", "Servicios\Servicios.csproj", "{2107D3DD-FF3F-48A5-9558-1DC173F5A056}"
EndProject
Project("{FAE04EC0-301F-11D3-BF4B-00C04F79EFBC}") = "Reglas", "Reglas\Reglas.csproj", "{D196F2F0-477C-49D9-882A-45017AA19D6A}"
EndProject
Global
	GlobalSection(SolutionConfigurationPlatforms) = preSolution
		Debug|Any CPU = Debug|Any CPU
		Release|Any CPU = Release|Any CPU
	EndGlobalSection
	GlobalSection(ProjectConfigurationPlatforms) = postSolution
		{69D0C9B1-0009-4ECF-92C6-E02D9063ABE7}.Debug|Any CPU.ActiveCfg = Debug|Any CPU
		{69D0C9B1-0009-4ECF-92C6-E02D9063ABE7}.Debug|Any CPU.Build.0 = Debug|Any CPU
		{69D0C9B1-0009-4ECF-92C6-E02D9063ABE7}.Release|Any CPU.ActiveCfg = Release|Any CPU
		{69D0C9B1-0009-4ECF-92C6-E02D9063ABE7}.Release|Any CPU.Build.0 = Release|Any CPU
		{F886C8FB-392A-4483-8620-754362C72604}.Debug|Any CPU.ActiveCfg = Debug|Any CPU
		{F886C8FB-392A-4483-8620-754362C72604}.Debug|Any CPU.Build.0 = Debug|Any CPU
		{F886C8FB-392A-4483-8620-754362C72604}.Release|Any CPU.ActiveCfg = Release|Any CPU
		{F886C8FB-392A-4483-8620-754362C72604}.Release|Any CPU.Build.0 = Release|Any CPU
		{7DB5E91E-BD6D-4641-8804-D094BB90ED73}.Debug|Any CPU.ActiveCfg = Debug|Any CPU
		{7DB5E91E-BD6D-4641-8804-D094BB90ED73}.Debug|Any CPU.Build.0 = Debug|Any CPU
		{7DB5E91E-BD6D-4641-8804-D094BB90ED73}.Release|Any CPU.ActiveCfg = Release|Any CPU
		{7DB5E91E-BD6D-4641-8804-D094BB90ED73}.Release|Any CPU.Build.0 = Release|Any CPU
		{015B4B36-8E65-4F49-8F70-7CCF3E906323}.Debug|Any CPU.ActiveCfg = Debug|Any CPU
		{015B4B36-8E65-4F49-8F70-7CCF3E906323}.Debug|Any CPU.Build.0 = Debug|Any CPU
		{015B4B36-8E65-4F49-8F70-7CCF3E906323}.Release|Any CPU.ActiveCfg = Release|Any CPU
		{015B4B36-8E65-4F49-8F70-7CCF3E906323}.Release|Any CPU.Build.0 = Release|Any CPU
		{4FADB1EE-97D0-463D-B146-9EBF36EAC3DE}.Debug|Any CPU.ActiveCfg = Debug|Any CPU
		{4FADB1EE-97D0-463D-B146-9EBF36EAC3DE}.Debug|Any CPU.Build.0 = Debug|Any CPU
		{4FADB1EE-97D0-463D-B146-9EBF36EAC3DE}.Debug|Any CPU.Deploy.0 = Debug|Any CPU
		{4FADB1EE-97D0-463D-B146-9EBF36EAC3DE}.Release|Any CPU.ActiveCfg = Release|Any CPU
		{4FADB1EE-97D0-463D-B146-9EBF36EAC3DE}.Release|Any CPU.Build.0 = Release|Any CPU
		{4FADB1EE-97D0-463D-B146-9EBF36EAC3DE}.Release|Any CPU.Deploy.0 = Release|Any CPU
		{2107D3DD-FF3F-48A5-9558-1DC173F5A056}.Debug|Any CPU.ActiveCfg = Debug|Any CPU
		{2107D3DD-FF3F-48A5-9558-1DC173F5A056}.Debug|Any CPU.Build.0 = Debug|Any CPU
		{2107D3DD-FF3F-48A5-9558-1DC173F5A056}.Release|Any CPU.ActiveCfg = Release|Any CPU
		{2107D3DD-FF3F-48A5-9558-1DC173F5A056}.Release|Any CPU.Build.0 = Release|Any CPU
		{D196F2F0-477C-49D9-882A-45017AA19D6A}.Debug|Any CPU.ActiveCfg = Debug|Any CPU
		{D196F2F0-477C-49D9-882A-45017AA19D6A}.Debug|Any CPU.Build.0 = Debug|Any CPU
		{D196F2F0-477C-49D9-882A-45017AA19D6A}.Release|Any CPU.ActiveCfg = Release|Any CPU
		{D196F2F0-477C-49D9-882A-45017AA19D6A}.Release|Any CPU.Build.0 = Release|Any CPU
	EndGlobalSection
	GlobalSection(SolutionProperties) = preSolution
		HideSolutionNode = FALSE
	EndGlobalSection
	GlobalSection(ExtensibilityGlobals) = postSolution
		SolutionGuid = {94E5D1DE-E926-45E9-AFC3-CD4AD298CAC5}
	EndGlobalSection
EndGlobal
